// !$*UTF8*$!
{
	archiveVersion = 1;
	classes = {
	};
	objectVersion = 56;
	objects = {

/* Begin PBXBuildFile section */
		5B41735D29308A5500B8FEE0 /* Coordinator_Example_SwiftUIApp.swift in Sources */ = {isa = PBXBuildFile; fileRef = 5B41735C29308A5500B8FEE0 /* Coordinator_Example_SwiftUIApp.swift */; };
		5B41735F29308A5500B8FEE0 /* MainView.swift in Sources */ = {isa = PBXBuildFile; fileRef = 5B41735E29308A5500B8FEE0 /* MainView.swift */; };
		5B41736129308A5600B8FEE0 /* Assets.xcassets in Resources */ = {isa = PBXBuildFile; fileRef = 5B41736029308A5600B8FEE0 /* Assets.xcassets */; };
		5B41736429308A5600B8FEE0 /* Preview Assets.xcassets in Resources */ = {isa = PBXBuildFile; fileRef = 5B41736329308A5600B8FEE0 /* Preview Assets.xcassets */; };
		5B41736D29308C5700B8FEE0 /* AppDelegate.swift in Sources */ = {isa = PBXBuildFile; fileRef = 5B41736C29308C5700B8FEE0 /* AppDelegate.swift */; };
		5B41736F29308C7800B8FEE0 /* SceneDelegate.swift in Sources */ = {isa = PBXBuildFile; fileRef = 5B41736E29308C7800B8FEE0 /* SceneDelegate.swift */; };
		5B41737229308CC200B8FEE0 /* Coordinator.swift in Sources */ = {isa = PBXBuildFile; fileRef = 5B41737129308CC200B8FEE0 /* Coordinator.swift */; };
		5B41737429308CCD00B8FEE0 /* NavigationRouter.swift in Sources */ = {isa = PBXBuildFile; fileRef = 5B41737329308CCD00B8FEE0 /* NavigationRouter.swift */; };
		5B41737629308CE100B8FEE0 /* NavigationTranisitionStyle.swift in Sources */ = {isa = PBXBuildFile; fileRef = 5B41737529308CE100B8FEE0 /* NavigationTranisitionStyle.swift */; };
		5B41737829308D7100B8FEE0 /* LoginView.swift in Sources */ = {isa = PBXBuildFile; fileRef = 5B41737729308D7100B8FEE0 /* LoginView.swift */; };
		5B41737A29308D9800B8FEE0 /* MypageView.swift in Sources */ = {isa = PBXBuildFile; fileRef = 5B41737929308D9800B8FEE0 /* MypageView.swift */; };
		5B41737C29308DBE00B8FEE0 /* MainCoordinator.swift in Sources */ = {isa = PBXBuildFile; fileRef = 5B41737B29308DBE00B8FEE0 /* MainCoordinator.swift */; };
/* End PBXBuildFile section */

/* Begin PBXFileReference section */
		5B41735929308A5500B8FEE0 /* Coordinator_Example_SwiftUI.app */ = {isa = PBXFileReference; explicitFileType = wrapper.application; includeInIndex = 0; path = Coordinator_Example_SwiftUI.app; sourceTree = BUILT_PRODUCTS_DIR; };
		5B41735C29308A5500B8FEE0 /* Coordinator_Example_SwiftUIApp.swift */ = {isa = PBXFileReference; lastKnownFileType = sourcecode.swift; path = Coordinator_Example_SwiftUIApp.swift; sourceTree = "<group>"; };
		5B41735E29308A5500B8FEE0 /* MainView.swift */ = {isa = PBXFileReference; lastKnownFileType = sourcecode.swift; path = MainView.swift; sourceTree = "<group>"; };
		5B41736029308A5600B8FEE0 /* Assets.xcassets */ = {isa = PBXFileReference; lastKnownFileType = folder.assetcatalog; path = Assets.xcassets; sourceTree = "<group>"; };
		5B41736329308A5600B8FEE0 /* Preview Assets.xcassets */ = {isa = PBXFileReference; lastKnownFileType = folder.assetcatalog; path = "Preview Assets.xcassets"; sourceTree = "<group>"; };
		5B41736C29308C5700B8FEE0 /* AppDelegate.swift */ = {isa = PBXFileReference; lastKnownFileType = sourcecode.swift; path = AppDelegate.swift; sourceTree = "<group>"; };
		5B41736E29308C7800B8FEE0 /* SceneDelegate.swift */ = {isa = PBXFileReference; lastKnownFileType = sourcecode.swift; path = SceneDelegate.swift; sourceTree = "<group>"; };
		5B41737129308CC200B8FEE0 /* Coordinator.swift */ = {isa = PBXFileReference; lastKnownFileType = sourcecode.swift; path = Coordinator.swift; sourceTree = "<group>"; };
		5B41737329308CCD00B8FEE0 /* NavigationRouter.swift */ = {isa = PBXFileReference; lastKnownFileType = sourcecode.swift; path = NavigationRouter.swift; sourceTree = "<group>"; };
		5B41737529308CE100B8FEE0 /* NavigationTranisitionStyle.swift */ = {isa = PBXFileReference; lastKnownFileType = sourcecode.swift; path = NavigationTranisitionStyle.swift; sourceTree = "<group>"; };
		5B41737729308D7100B8FEE0 /* LoginView.swift */ = {isa = PBXFileReference; lastKnownFileType = sourcecode.swift; path = LoginView.swift; sourceTree = "<group>"; };
		5B41737929308D9800B8FEE0 /* MypageView.swift */ = {isa = PBXFileReference; lastKnownFileType = sourcecode.swift; path = MypageView.swift; sourceTree = "<group>"; };
		5B41737B29308DBE00B8FEE0 /* MainCoordinator.swift */ = {isa = PBXFileReference; lastKnownFileType = sourcecode.swift; path = MainCoordinator.swift; sourceTree = "<group>"; };
/* End PBXFileReference section */

/* Begin PBXFrameworksBuildPhase section */
		5B41735629308A5500B8FEE0 /* Frameworks */ = {
			isa = PBXFrameworksBuildPhase;
			buildActionMask = 2147483647;
			files = (
			);
			runOnlyForDeploymentPostprocessing = 0;
		};
/* End PBXFrameworksBuildPhase section */

/* Begin PBXGroup section */
		5B41735029308A5500B8FEE0 = {
			isa = PBXGroup;
			children = (
				5B41735B29308A5500B8FEE0 /* Coordinator_Example_SwiftUI */,
				5B41735A29308A5500B8FEE0 /* Products */,
			);
			sourceTree = "<group>";
		};
		5B41735A29308A5500B8FEE0 /* Products */ = {
			isa = PBXGroup;
			children = (
				5B41735929308A5500B8FEE0 /* Coordinator_Example_SwiftUI.app */,
			);
			name = Products;
			sourceTree = "<group>";
		};
		5B41735B29308A5500B8FEE0 /* Coordinator_Example_SwiftUI */ = {
			isa = PBXGroup;
			children = (
				5B41736B29308C4500B8FEE0 /* App */,
				5B41736A29308C3400B8FEE0 /* Modul */,
				5B41736029308A5600B8FEE0 /* Assets.xcassets */,
				5B41736229308A5600B8FEE0 /* Preview Content */,
			);
			path = Coordinator_Example_SwiftUI;
			sourceTree = "<group>";
		};
		5B41736229308A5600B8FEE0 /* Preview Content */ = {
			isa = PBXGroup;
			children = (
				5B41736329308A5600B8FEE0 /* Preview Assets.xcassets */,
			);
			path = "Preview Content";
			sourceTree = "<group>";
		};
		5B41736A29308C3400B8FEE0 /* Modul */ = {
			isa = PBXGroup;
			children = (
				5B41737029308C9F00B8FEE0 /* Coordinator */,
				5B41735E29308A5500B8FEE0 /* MainView.swift */,
				5B41737729308D7100B8FEE0 /* LoginView.swift */,
				5B41737929308D9800B8FEE0 /* MypageView.swift */,
				5B41737B29308DBE00B8FEE0 /* MainCoordinator.swift */,
			);
			path = Modul;
			sourceTree = "<group>";
		};
		5B41736B29308C4500B8FEE0 /* App */ = {
			isa = PBXGroup;
			children = (
				5B41736C29308C5700B8FEE0 /* AppDelegate.swift */,
				5B41736E29308C7800B8FEE0 /* SceneDelegate.swift */,
				5B41735C29308A5500B8FEE0 /* Coordinator_Example_SwiftUIApp.swift */,
			);
			path = App;
			sourceTree = "<group>";
		};
		5B41737029308C9F00B8FEE0 /* Coordinator */ = {
			isa = PBXGroup;
			children = (
				5B41737129308CC200B8FEE0 /* Coordinator.swift */,
				5B41737329308CCD00B8FEE0 /* NavigationRouter.swift */,
				5B41737529308CE100B8FEE0 /* NavigationTranisitionStyle.swift */,
			);
			path = Coordinator;
			sourceTree = "<group>";
		};
/* End PBXGroup section */

/* Begin PBXNativeTarget section */
		5B41735829308A5500B8FEE0 /* Coordinator_Example_SwiftUI */ = {
			isa = PBXNativeTarget;
			buildConfigurationList = 5B41736729308A5600B8FEE0 /* Build configuration list for PBXNativeTarget "Coordinator_Example_SwiftUI" */;
			buildPhases = (
				5B41735529308A5500B8FEE0 /* Sources */,
				5B41735629308A5500B8FEE0 /* Frameworks */,
				5B41735729308A5500B8FEE0 /* Resources */,
			);
			buildRules = (
			);
			dependencies = (
			);
			name = Coordinator_Example_SwiftUI;
			productName = Coordinator_Example_SwiftUI;
			productReference = 5B41735929308A5500B8FEE0 /* Coordinator_Example_SwiftUI.app */;
			productType = "com.apple.product-type.application";
		};
/* End PBXNativeTarget section */

/* Begin PBXProject section */
		5B41735129308A5500B8FEE0 /* Project object */ = {
			isa = PBXProject;
			attributes = {
				BuildIndependentTargetsInParallel = 1;
				LastSwiftUpdateCheck = 1410;
				LastUpgradeCheck = 1410;
				TargetAttributes = {
					5B41735829308A5500B8FEE0 = {
						CreatedOnToolsVersion = 14.1;
					};
				};
			};
			buildConfigurationList = 5B41735429308A5500B8FEE0 /* Build configuration list for PBXProject "Coordinator_Example_SwiftUI" */;
			compatibilityVersion = "Xcode 14.0";
			developmentRegion = en;
			hasScannedForEncodings = 0;
			knownRegions = (
				en,
				Base,
			);
			mainGroup = 5B41735029308A5500B8FEE0;
			productRefGroup = 5B41735A29308A5500B8FEE0 /* Products */;
			projectDirPath = "";
			projectRoot = "";
			targets = (
				5B41735829308A5500B8FEE0 /* Coordinator_Example_SwiftUI */,
			);
		};
/* End PBXProject section */

/* Begin PBXResourcesBuildPhase section */
		5B41735729308A5500B8FEE0 /* Resources */ = {
			isa = PBXResourcesBuildPhase;
			buildActionMask = 2147483647;
			files = (
				5B41736429308A5600B8FEE0 /* Preview Assets.xcassets in Resources */,
				5B41736129308A5600B8FEE0 /* Assets.xcassets in Resources */,
			);
			runOnlyForDeploymentPostprocessing = 0;
		};
/* End PBXResourcesBuildPhase section */

/* Begin PBXSourcesBuildPhase section */
		5B41735529308A5500B8FEE0 /* Sources */ = {
			isa = PBXSourcesBuildPhase;
			buildActionMask = 2147483647;
			files = (
				5B41736D29308C5700B8FEE0 /* AppDelegate.swift in Sources */,
				5B41737629308CE100B8FEE0 /* NavigationTranisitionStyle.swift in Sources */,
				5B41735F29308A5500B8FEE0 /* MainView.swift in Sources */,
				5B41737A29308D9800B8FEE0 /* MypageView.swift in Sources */,
				5B41737429308CCD00B8FEE0 /* NavigationRouter.swift in Sources */,
				5B41737229308CC200B8FEE0 /* Coordinator.swift in Sources */,
				5B41735D29308A5500B8FEE0 /* Coordinator_Example_SwiftUIApp.swift in Sources */,
				5B41737829308D7100B8FEE0 /* LoginView.swift in Sources */,
				5B41736F29308C7800B8FEE0 /* SceneDelegate.swift in Sources */,
				5B41737C29308DBE00B8FEE0 /* MainCoordinator.swift in Sources */,
			);
			runOnlyForDeploymentPostprocessing = 0;
		};
/* End PBXSourcesBuildPhase section */

/* Begin XCBuildConfiguration section */
		5B41736529308A5600B8FEE0 /* Debug */ = {
			isa = XCBuildConfiguration;
			buildSettings = {
				ALWAYS_SEARCH_USER_PATHS = NO;
				CLANG_ANALYZER_NONNULL = YES;
				CLANG_ANALYZER_NUMBER_OBJECT_CONVERSION = YES_AGGRESSIVE;
				CLANG_CXX_LANGUAGE_STANDARD = "gnu++20";
				CLANG_ENABLE_MODULES = YES;
				CLANG_ENABLE_OBJC_ARC = YES;
				CLANG_ENABLE_OBJC_WEAK = YES;
				CLANG_WARN_BLOCK_CAPTURE_AUTORELEASING = YES;
				CLANG_WARN_BOOL_CONVERSION = YES;
				CLANG_WARN_COMMA = YES;
				CLANG_WARN_CONSTANT_CONVERSION = YES;
				CLANG_WARN_DEPRECATED_OBJC_IMPLEMENTATIONS = YES;
				CLANG_WARN_DIRECT_OBJC_ISA_USAGE = YES_ERROR;
				CLANG_WARN_DOCUMENTATION_COMMENTS = YES;
				CLANG_WARN_EMPTY_BODY = YES;
				CLANG_WARN_ENUM_CONVERSION = YES;
				CLANG_WARN_INFINITE_RECURSION = YES;
				CLANG_WARN_INT_CONVERSION = YES;
				CLANG_WARN_NON_LITERAL_NULL_CONVERSION = YES;
				CLANG_WARN_OBJC_IMPLICIT_RETAIN_SELF = YES;
				CLANG_WARN_OBJC_LITERAL_CONVERSION = YES;
				CLANG_WARN_OBJC_ROOT_CLASS = YES_ERROR;
				CLANG_WARN_QUOTED_INCLUDE_IN_FRAMEWORK_HEADER = YES;
				CLANG_WARN_RANGE_LOOP_ANALYSIS = YES;
				CLANG_WARN_STRICT_PROTOTYPES = YES;
				CLANG_WARN_SUSPICIOUS_MOVE = YES;
				CLANG_WARN_UNGUARDED_AVAILABILITY = YES_AGGRESSIVE;
				CLANG_WARN_UNREACHABLE_CODE = YES;
				CLANG_WARN__DUPLICATE_METHOD_MATCH = YES;
				COPY_PHASE_STRIP = NO;
				DEBUG_INFORMATION_FORMAT = dwarf;
				ENABLE_STRICT_OBJC_MSGSEND = YES;
				ENABLE_TESTABILITY = YES;
				GCC_C_LANGUAGE_STANDARD = gnu11;
				GCC_DYNAMIC_NO_PIC = NO;
				GCC_NO_COMMON_BLOCKS = YES;
				GCC_OPTIMIZATION_LEVEL = 0;
				GCC_PREPROCESSOR_DEFINITIONS = (
					"DEBUG=1",
					"$(inherited)",
				);
				GCC_WARN_64_TO_32_BIT_CONVERSION = YES;
				GCC_WARN_ABOUT_RETURN_TYPE = YES_ERROR;
				GCC_WARN_UNDECLARED_SELECTOR = YES;
				GCC_WARN_UNINITIALIZED_AUTOS = YES_AGGRESSIVE;
				GCC_WARN_UNUSED_FUNCTION = YES;
				GCC_WARN_UNUSED_VARIABLE = YES;
				IPHONEOS_DEPLOYMENT_TARGET = 16.1;
				MTL_ENABLE_DEBUG_INFO = INCLUDE_SOURCE;
				MTL_FAST_MATH = YES;
				ONLY_ACTIVE_ARCH = YES;
				SDKROOT = iphoneos;
				SWIFT_ACTIVE_COMPILATION_CONDITIONS = DEBUG;
				SWIFT_OPTIMIZATION_LEVEL = "-Onone";
			};
			name = Debug;
		};
		5B41736629308A5600B8FEE0 /* Release */ = {
			isa = XCBuildConfiguration;
			buildSettings = {
				ALWAYS_SEARCH_USER_PATHS = NO;
				CLANG_ANALYZER_NONNULL = YES;
				CLANG_ANALYZER_NUMBER_OBJECT_CONVERSION = YES_AGGRESSIVE;
				CLANG_CXX_LANGUAGE_STANDARD = "gnu++20";
				CLANG_ENABLE_MODULES = YES;
				CLANG_ENABLE_OBJC_ARC = YES;
				CLANG_ENABLE_OBJC_WEAK = YES;
				CLANG_WARN_BLOCK_CAPTURE_AUTORELEASING = YES;
				CLANG_WARN_BOOL_CONVERSION = YES;
				CLANG_WARN_COMMA = YES;
				CLANG_WARN_CONSTANT_CONVERSION = YES;
				CLANG_WARN_DEPRECATED_OBJC_IMPLEMENTATIONS = YES;
				CLANG_WARN_DIRECT_OBJC_ISA_USAGE = YES_ERROR;
				CLANG_WARN_DOCUMENTATION_COMMENTS = YES;
				CLANG_WARN_EMPTY_BODY = YES;
				CLANG_WARN_ENUM_CONVERSION = YES;
				CLANG_WARN_INFINITE_RECURSION = YES;
				CLANG_WARN_INT_CONVERSION = YES;
				CLANG_WARN_NON_LITERAL_NULL_CONVERSION = YES;
				CLANG_WARN_OBJC_IMPLICIT_RETAIN_SELF = YES;
				CLANG_WARN_OBJC_LITERAL_CONVERSION = YES;
				CLANG_WARN_OBJC_ROOT_CLASS = YES_ERROR;
				CLANG_WARN_QUOTED_INCLUDE_IN_FRAMEWORK_HEADER = YES;
				CLANG_WARN_RANGE_LOOP_ANALYSIS = YES;
				CLANG_WARN_STRICT_PROTOTYPES = YES;
				CLANG_WARN_SUSPICIOUS_MOVE = YES;
				CLANG_WARN_UNGUARDED_AVAILABILITY = YES_AGGRESSIVE;
				CLANG_WARN_UNREACHABLE_CODE = YES;
				CLANG_WARN__DUPLICATE_METHOD_MATCH = YES;
				COPY_PHASE_STRIP = NO;
				DEBUG_INFORMATION_FORMAT = "dwarf-with-dsym";
				ENABLE_NS_ASSERTIONS = NO;
				ENABLE_STRICT_OBJC_MSGSEND = YES;
				GCC_C_LANGUAGE_STANDARD = gnu11;
				GCC_NO_COMMON_BLOCKS = YES;
				GCC_WARN_64_TO_32_BIT_CONVERSION = YES;
				GCC_WARN_ABOUT_RETURN_TYPE = YES_ERROR;
				GCC_WARN_UNDECLARED_SELECTOR = YES;
				GCC_WARN_UNINITIALIZED_AUTOS = YES_AGGRESSIVE;
				GCC_WARN_UNUSED_FUNCTION = YES;
				GCC_WARN_UNUSED_VARIABLE = YES;
				IPHONEOS_DEPLOYMENT_TARGET = 16.1;
				MTL_ENABLE_DEBUG_INFO = NO;
				MTL_FAST_MATH = YES;
				SDKROOT = iphoneos;
				SWIFT_COMPILATION_MODE = wholemodule;
				SWIFT_OPTIMIZATION_LEVEL = "-O";
				VALIDATE_PRODUCT = YES;
			};
			name = Release;
		};
		5B41736829308A5600B8FEE0 /* Debug */ = {
			isa = XCBuildConfiguration;
			buildSettings = {
				ASSETCATALOG_COMPILER_APPICON_NAME = AppIcon;
				ASSETCATALOG_COMPILER_GLOBAL_ACCENT_COLOR_NAME = AccentColor;
				CODE_SIGN_STYLE = Automatic;
				CURRENT_PROJECT_VERSION = 1;
				DEVELOPMENT_ASSET_PATHS = "\"Coordinator_Example_SwiftUI/Preview Content\"";
				DEVELOPMENT_TEAM = 83R5US8PK8;
				ENABLE_PREVIEWS = YES;
				GENERATE_INFOPLIST_FILE = YES;
				INFOPLIST_KEY_UIApplicationSceneManifest_Generation = YES;
				INFOPLIST_KEY_UIApplicationSupportsIndirectInputEvents = YES;
				INFOPLIST_KEY_UILaunchScreen_Generation = YES;
				INFOPLIST_KEY_UISupportedInterfaceOrientations_iPad = "UIInterfaceOrientationPortrait UIInterfaceOrientationPortraitUpsideDown UIInterfaceOrientationLandscapeLeft UIInterfaceOrientationLandscapeRight";
				INFOPLIST_KEY_UISupportedInterfaceOrientations_iPhone = "UIInterfaceOrientationPortrait UIInterfaceOrientationLandscapeLeft UIInterfaceOrientationLandscapeRight";
				LD_RUNPATH_SEARCH_PATHS = (
					"$(inherited)",
					"@executable_path/Frameworks",
				);
				MARKETING_VERSION = 1.0;
				PRODUCT_BUNDLE_IDENTIFIER = "com.markcloud.markview.Coordinator-Example-SwiftUI";
				PRODUCT_NAME = "$(TARGET_NAME)";
				SWIFT_EMIT_LOC_STRINGS = YES;
				SWIFT_VERSION = 5.0;
				TARGETED_DEVICE_FAMILY = "1,2";
			};
			name = Debug;
		};
		5B41736929308A5600B8FEE0 /* Release */ = {
			isa = XCBuildConfiguration;
			buildSettings = {
				ASSETCATALOG_COMPILER_APPICON_NAME = AppIcon;
				ASSETCATALOG_COMPILER_GLOBAL_ACCENT_COLOR_NAME = AccentColor;
				CODE_SIGN_STYLE = Automatic;
				CURRENT_PROJECT_VERSION = 1;
				DEVELOPMENT_ASSET_PATHS = "\"Coordinator_Example_SwiftUI/Preview Content\"";
				DEVELOPMENT_TEAM = 83R5US8PK8;
				ENABLE_PREVIEWS = YES;
				GENERATE_INFOPLIST_FILE = YES;
				INFOPLIST_KEY_UIApplicationSceneManifest_Generation = YES;
				INFOPLIST_KEY_UIApplicationSupportsIndirectInputEvents = YES;
				INFOPLIST_KEY_UILaunchScreen_Generation = YES;
				INFOPLIST_KEY_UISupportedInterfaceOrientations_iPad = "UIInterfaceOrientationPortrait UIInterfaceOrientationPortraitUpsideDown UIInterfaceOrientationLandscapeLeft UIInterfaceOrientationLandscapeRight";
				INFOPLIST_KEY_UISupportedInterfaceOrientations_iPhone = "UIInterfaceOrientationPortrait UIInterfaceOrientationLandscapeLeft UIInterfaceOrientationLandscapeRight";
				LD_RUNPATH_SEARCH_PATHS = (
					"$(inherited)",
					"@executable_path/Frameworks",
				);
				MARKETING_VERSION = 1.0;
				PRODUCT_BUNDLE_IDENTIFIER = "com.markcloud.markview.Coordinator-Example-SwiftUI";
				PRODUCT_NAME = "$(TARGET_NAME)";
				SWIFT_EMIT_LOC_STRINGS = YES;
				SWIFT_VERSION = 5.0;
				TARGETED_DEVICE_FAMILY = "1,2";
			};
			name = Release;
		};
/* End XCBuildConfiguration section */

/* Begin XCConfigurationList section */
		5B41735429308A5500B8FEE0 /* Build configuration list for PBXProject "Coordinator_Example_SwiftUI" */ = {
			isa = XCConfigurationList;
			buildConfigurations = (
				5B41736529308A5600B8FEE0 /* Debug */,
				5B41736629308A5600B8FEE0 /* Release */,
			);
			defaultConfigurationIsVisible = 0;
			defaultConfigurationName = Release;
		};
		5B41736729308A5600B8FEE0 /* Build configuration list for PBXNativeTarget "Coordinator_Example_SwiftUI" */ = {
			isa = XCConfigurationList;
			buildConfigurations = (
				5B41736829308A5600B8FEE0 /* Debug */,
				5B41736929308A5600B8FEE0 /* Release */,
			);
			defaultConfigurationIsVisible = 0;
			defaultConfigurationName = Release;
		};
/* End XCConfigurationList section */
	};
	rootObject = 5B41735129308A5500B8FEE0 /* Project object */;
}
